
Microsoft Visual Studio Solution File, Format Version 12.00
# Visual Studio Version 17
VisualStudioVersion = 17.4.33213.308
MinimumVisualStudioVersion = 10.0.40219.1
Project("{FAE04EC0-301F-11D3-BF4B-00C04F79EFBC}") = "AuthServer", "AuthServer\AuthServer.csproj", "{9D382BD2-37B9-43C7-94BA-DB3E580F0BC4}"
EndProject
Project("{FAE04EC0-301F-11D3-BF4B-00C04F79EFBC}") = "Client1", "Client1\Client1.csproj", "{8CDC0945-F1E0-4396-A644-94D12C17D4D9}"
EndProject
Project("{FAE04EC0-301F-11D3-BF4B-00C04F79EFBC}") = "Client2", "Client2\Client2.csproj", "{61BF4318-BFFE-4FEE-AB2D-DA38C92C5495}"
EndProject
Project("{FAE04EC0-301F-11D3-BF4B-00C04F79EFBC}") = "API1", "API1\API1.csproj", "{B5559841-D385-441E-85C2-98F77BB77CEF}"
EndProject
Project("{FAE04EC0-301F-11D3-BF4B-00C04F79EFBC}") = "API2", "API2\API2.csproj", "{EA909DF5-945D-4140-AF59-3C0682727B4C}"
EndProject
Project("{2150E333-8FDC-42A3-9474-1A3956D46DE8}") = "Portlar", "Portlar", "{13162694-1459-41D2-98CE-3A78AB17BA47}"
	ProjectSection(SolutionItems) = preProject
		Portlar.txt = Portlar.txt
	EndProjectSection
EndProject
Global
	GlobalSection(SolutionConfigurationPlatforms) = preSolution
		Debug|Any CPU = Debug|Any CPU
		Release|Any CPU = Release|Any CPU
	EndGlobalSection
	GlobalSection(ProjectConfigurationPlatforms) = postSolution
		{9D382BD2-37B9-43C7-94BA-DB3E580F0BC4}.Debug|Any CPU.ActiveCfg = Debug|Any CPU
		{9D382BD2-37B9-43C7-94BA-DB3E580F0BC4}.Debug|Any CPU.Build.0 = Debug|Any CPU
		{9D382BD2-37B9-43C7-94BA-DB3E580F0BC4}.Release|Any CPU.ActiveCfg = Release|Any CPU
		{9D382BD2-37B9-43C7-94BA-DB3E580F0BC4}.Release|Any CPU.Build.0 = Release|Any CPU
		{8CDC0945-F1E0-4396-A644-94D12C17D4D9}.Debug|Any CPU.ActiveCfg = Debug|Any CPU
		{8CDC0945-F1E0-4396-A644-94D12C17D4D9}.Debug|Any CPU.Build.0 = Debug|Any CPU
		{8CDC0945-F1E0-4396-A644-94D12C17D4D9}.Release|Any CPU.ActiveCfg = Release|Any CPU
		{8CDC0945-F1E0-4396-A644-94D12C17D4D9}.Release|Any CPU.Build.0 = Release|Any CPU
		{61BF4318-BFFE-4FEE-AB2D-DA38C92C5495}.Debug|Any CPU.ActiveCfg = Debug|Any CPU
		{61BF4318-BFFE-4FEE-AB2D-DA38C92C5495}.Debug|Any CPU.Build.0 = Debug|Any CPU
		{61BF4318-BFFE-4FEE-AB2D-DA38C92C5495}.Release|Any CPU.ActiveCfg = Release|Any CPU
		{61BF4318-BFFE-4FEE-AB2D-DA38C92C5495}.Release|Any CPU.Build.0 = Release|Any CPU
		{B5559841-D385-441E-85C2-98F77BB77CEF}.Debug|Any CPU.ActiveCfg = Debug|Any CPU
		{B5559841-D385-441E-85C2-98F77BB77CEF}.Debug|Any CPU.Build.0 = Debug|Any CPU
		{B5559841-D385-441E-85C2-98F77BB77CEF}.Release|Any CPU.ActiveCfg = Release|Any CPU
		{B5559841-D385-441E-85C2-98F77BB77CEF}.Release|Any CPU.Build.0 = Release|Any CPU
		{EA909DF5-945D-4140-AF59-3C0682727B4C}.Debug|Any CPU.ActiveCfg = Debug|Any CPU
		{EA909DF5-945D-4140-AF59-3C0682727B4C}.Debug|Any CPU.Build.0 = Debug|Any CPU
		{EA909DF5-945D-4140-AF59-3C0682727B4C}.Release|Any CPU.ActiveCfg = Release|Any CPU
		{EA909DF5-945D-4140-AF59-3C0682727B4C}.Release|Any CPU.Build.0 = Release|Any CPU
	EndGlobalSection
	GlobalSection(SolutionProperties) = preSolution
		HideSolutionNode = FALSE
	EndGlobalSection
	GlobalSection(ExtensibilityGlobals) = postSolution
		SolutionGuid = {E58A4EE9-2365-49B9-8444-7C73B909731F}
	EndGlobalSection
EndGlobal
